<?xml version="1.0" encoding="utf-8"?>
<Project ToolsVersion="4.0" xmlns="http://schemas.microsoft.com/developer/msbuild/2003">
  <ItemGroup>
    <Filter Include="Source Files">
      <UniqueIdentifier>{4FC737F1-C7A5-4376-A066-2A32D752A2FF}</UniqueIdentifier>
      <Extensions>cpp;c;cc;cxx;def;odl;idl;hpj;bat;asm;asmx</Extensions>
    </Filter>
    <Filter Include="Header Files">
      <UniqueIdentifier>{93995380-89BD-4b04-88EB-625FBE52EBFB}</UniqueIdentifier>
      <Extensions>h;hh;hpp;hxx;hm;inl;inc;ipp;xsd</Extensions>
    </Filter>
    <Filter Include="Resource Files">
      <UniqueIdentifier>{67DA6AB6-F800-4c08-8B7A-83BB121AAD01}</UniqueIdentifier>
      <Extensions>rc;ico;cur;bmp;dlg;rc2;rct;bin;rgs;gif;jpg;jpeg;jpe;resx;tiff;tif;png;wav;mfcribbon-ms</Extensions>
    </Filter>
    <Filter Include="Source Files\Engine">
      <UniqueIdentifier>{868eb7ff-5b96-48cc-9686-6b2154172b90}</UniqueIdentifier>
    </Filter>
    <Filter Include="Source Files\Engine\Graphics">
      <UniqueIdentifier>{003a4db5-e837-457e-9a8b-b762fef02c11}</UniqueIdentifier>
    </Filter>
    <Filter Include="Source Files\Engine\Graphics\Shapes">
      <UniqueIdentifier>{3a45e10f-6a42-4c89-bc47-40e185466e5d}</UniqueIdentifier>
    </Filter>
    <Filter Include="Source Files\Gameplay">
      <UniqueIdentifier>{9a20ed9a-5f3b-4f64-b932-ddd4d2a9bd14}</UniqueIdentifier>
    </Filter>
  </ItemGroup>
  <ItemGroup>
    <ClCompile Include="Source\Engine\main.cpp">
      <Filter>Source Files\Engine</Filter>
    </ClCompile>
    <ClCompile Include="Source\Engine\Graphics\RenderManager.cpp">
      <Filter>Source Files\Engine\Graphics</Filter>
    </ClCompile>
    <ClCompile Include="Source\Engine\Graphics\Shapes\Shape.cpp">
      <Filter>Source Files\Engine\Graphics\Shapes</Filter>
    </ClCompile>
    <ClCompile Include="Source\Engine\Graphics\Shapes\Circle.cpp">
      <Filter>Source Files\Engine\Graphics\Shapes</Filter>
    </ClCompile>
    <ClCompile Include="Source\Engine\Graphics\Shapes\Rectangle.cpp">
      <Filter>Source Files\Engine\Graphics\Shapes</Filter>
    </ClCompile>
    <ClCompile Include="Source\Gameplay\gameMain.cpp">
      <Filter>Source Files\Gameplay</Filter>
    </ClCompile>
  </ItemGroup>
  <ItemGroup>
    <ClInclude Include="Source\Engine\generics.hpp">
      <Filter>Source Files\Engine</Filter>
    </ClInclude>
    <ClInclude Include="Source\Engine\types.hpp">
      <Filter>Source Files\Engine</Filter>
    </ClInclude>
    <ClInclude Include="Source\Engine\defines.h">
      <Filter>Source Files\Engine</Filter>
    </ClInclude>
    <ClInclude Include="Source\Engine\Graphics\IRenderItem.h">
      <Filter>Source Files\Engine\Graphics</Filter>
    </ClInclude>
    <ClInclude Include="Source\Engine\Graphics\RenderManager.h">
      <Filter>Source Files\Engine\Graphics</Filter>
    </ClInclude>
    <ClInclude Include="Source\Engine\Graphics\Shapes\Shape.h">
      <Filter>Source Files\Engine\Graphics\Shapes</Filter>
    </ClInclude>
    <ClInclude Include="Source\Engine\Graphics\Shapes\Circle.h">
      <Filter>Source Files\Engine\Graphics\Shapes</Filter>
    </ClInclude>
    <ClInclude Include="Source\Engine\Graphics\Shapes\Rectangle.h">
      <Filter>Source Files\Engine\Graphics\Shapes</Filter>
    </ClInclude>
    <ClInclude Include="Source\Engine\Graphics\Shapes\Shapes.h">
      <Filter>Source Files\Engine\Graphics\Shapes</Filter>
    </ClInclude>
    <ClInclude Include="Source\Engine\assert.hpp">
      <Filter>Source Files\Engine</Filter>
    </ClInclude>
    <ClInclude Include="Source\Gameplay\gameMain.h">
      <Filter>Source Files\Gameplay</Filter>
    </ClInclude>
  </ItemGroup>
</Project>